
Microsoft Visual Studio Solution File, Format Version 12.00
# Visual Studio Version 17
VisualStudioVersion = 17.5.001.0
MinimumVisualStudioVersion = 10.0.40219.1
Project("{9A19103F-16F7-4668-BE54-9A1E7A4F7556}") = "c# programs", "c# programs.csproj", "{A7A2DB6F-5855-44D5-8948-A10525D8F551}"
EndProject
Global
	GlobalSection(SolutionConfigurationPlatforms) = preSolution
		Debug|Any CPU = Debug|Any CPU
		Release|Any CPU = Release|Any CPU
	EndGlobalSection
	GlobalSection(ProjectConfigurationPlatforms) = postSolution
		{A7A2DB6F-5855-44D5-8948-A10525D8F551}.Debug|Any CPU.ActiveCfg = Debug|Any CPU
		{A7A2DB6F-5855-44D5-8948-A10525D8F551}.Debug|Any CPU.Build.0 = Debug|Any CPU
		{A7A2DB6F-5855-44D5-8948-A10525D8F551}.Release|Any CPU.ActiveCfg = Release|Any CPU
		{A7A2DB6F-5855-44D5-8948-A10525D8F551}.Release|Any CPU.Build.0 = Release|Any CPU
	EndGlobalSection
	GlobalSection(SolutionProperties) = preSolution
		HideSolutionNode = FALSE
	EndGlobalSection
	GlobalSection(ExtensibilityGlobals) = postSolution
		SolutionGuid = {A3BA7C07-AE51-4478-8057-DDFDE5251E6F}
	EndGlobalSection
EndGlobal
